
Microsoft Visual Studio Solution File, Format Version 12.00
# Visual Studio Version 17
VisualStudioVersion = 17.5.33424.131
MinimumVisualStudioVersion = 10.0.40219.1
Project("{FAE04EC0-301F-11D3-BF4B-00C04F79EFBC}") = "UserListTestApp", "UserListTestApp.csproj", "{4E61DFEB-20F1-47D8-AA6B-D9CDDEAA7D64}"
EndProject
Global
	GlobalSection(SolutionConfigurationPlatforms) = preSolution
		Debug|Any CPU = Debug|Any CPU
		Release|Any CPU = Release|Any CPU
	EndGlobalSection
	GlobalSection(ProjectConfigurationPlatforms) = postSolution
		{4E61DFEB-20F1-47D8-AA6B-D9CDDEAA7D64}.Debug|Any CPU.ActiveCfg = Debug|Any CPU
		{4E61DFEB-20F1-47D8-AA6B-D9CDDEAA7D64}.Debug|Any CPU.Build.0 = Debug|Any CPU
		{4E61DFEB-20F1-47D8-AA6B-D9CDDEAA7D64}.Release|Any CPU.ActiveCfg = Release|Any CPU
		{4E61DFEB-20F1-47D8-AA6B-D9CDDEAA7D64}.Release|Any CPU.Build.0 = Release|Any CPU
	EndGlobalSection
	GlobalSection(SolutionProperties) = preSolution
		HideSolutionNode = FALSE
	EndGlobalSection
	GlobalSection(ExtensibilityGlobals) = postSolution
		SolutionGuid = {9CFBC2D8-9210-4B2C-9855-DEA22F75C4D9}
	EndGlobalSection
EndGlobal
